
Microsoft Visual Studio Solution File, Format Version 12.00
# Visual Studio 2015
Project("{FAE04EC0-301F-11D3-BF4B-00C04F79EFBC}") = "Yogscart Alpha.CSharp.Plugins", "Yogscart Alpha.CSharp.Plugins.csproj", "{08A7079A-2891-D4B3-28A8-6611EBC614F5}"
EndProject
Project("{FAE04EC0-301F-11D3-BF4B-00C04F79EFBC}") = "Yogscart Alpha.CSharp", "Yogscart Alpha.CSharp.csproj", "{3DCBC043-FF19-5BED-23C8-F3DB2F8CF911}"
EndProject
Project("{FAE04EC0-301F-11D3-BF4B-00C04F79EFBC}") = "Yogscart Alpha.CSharp.Editor", "Yogscart Alpha.CSharp.Editor.csproj", "{89AA1E61-906F-30BA-3734-7DB1F3BAA730}"
EndProject
Global
	GlobalSection(SolutionConfigurationPlatforms) = preSolution
		Debug|Any CPU = Debug|Any CPU
		Release|Any CPU = Release|Any CPU
	EndGlobalSection
	GlobalSection(ProjectConfigurationPlatforms) = postSolution
		{08A7079A-2891-D4B3-28A8-6611EBC614F5}.Debug|Any CPU.ActiveCfg = Debug|Any CPU
		{08A7079A-2891-D4B3-28A8-6611EBC614F5}.Debug|Any CPU.Build.0 = Debug|Any CPU
		{08A7079A-2891-D4B3-28A8-6611EBC614F5}.Release|Any CPU.ActiveCfg = Release|Any CPU
		{08A7079A-2891-D4B3-28A8-6611EBC614F5}.Release|Any CPU.Build.0 = Release|Any CPU
		{3DCBC043-FF19-5BED-23C8-F3DB2F8CF911}.Debug|Any CPU.ActiveCfg = Debug|Any CPU
		{3DCBC043-FF19-5BED-23C8-F3DB2F8CF911}.Debug|Any CPU.Build.0 = Debug|Any CPU
		{3DCBC043-FF19-5BED-23C8-F3DB2F8CF911}.Release|Any CPU.ActiveCfg = Release|Any CPU
		{3DCBC043-FF19-5BED-23C8-F3DB2F8CF911}.Release|Any CPU.Build.0 = Release|Any CPU
		{89AA1E61-906F-30BA-3734-7DB1F3BAA730}.Debug|Any CPU.ActiveCfg = Debug|Any CPU
		{89AA1E61-906F-30BA-3734-7DB1F3BAA730}.Debug|Any CPU.Build.0 = Debug|Any CPU
		{89AA1E61-906F-30BA-3734-7DB1F3BAA730}.Release|Any CPU.ActiveCfg = Release|Any CPU
		{89AA1E61-906F-30BA-3734-7DB1F3BAA730}.Release|Any CPU.Build.0 = Release|Any CPU
	EndGlobalSection
	GlobalSection(SolutionProperties) = preSolution
		HideSolutionNode = FALSE
	EndGlobalSection
EndGlobal
