
Microsoft Visual Studio Solution File, Format Version 12.00
# Visual Studio 2015
Project("{FAE04EC0-301F-11D3-BF4B-00C04F79EFBC}") = "Yogscart Track Maker.CSharp", "Yogscart Track Maker.CSharp.csproj", "{178DD90F-F2A4-512F-F7D2-6CEEF5A0DFDF}"
EndProject
Project("{FAE04EC0-301F-11D3-BF4B-00C04F79EFBC}") = "Yogscart Track Maker.CSharp.Editor", "Yogscart Track Maker.CSharp.Editor.csproj", "{3B03E4CE-E17F-AB6B-495B-475905DD0E6C}"
EndProject
Global
	GlobalSection(SolutionConfigurationPlatforms) = preSolution
		Debug|Any CPU = Debug|Any CPU
		Release|Any CPU = Release|Any CPU
	EndGlobalSection
	GlobalSection(ProjectConfigurationPlatforms) = postSolution
		{178DD90F-F2A4-512F-F7D2-6CEEF5A0DFDF}.Debug|Any CPU.ActiveCfg = Debug|Any CPU
		{178DD90F-F2A4-512F-F7D2-6CEEF5A0DFDF}.Debug|Any CPU.Build.0 = Debug|Any CPU
		{178DD90F-F2A4-512F-F7D2-6CEEF5A0DFDF}.Release|Any CPU.ActiveCfg = Release|Any CPU
		{178DD90F-F2A4-512F-F7D2-6CEEF5A0DFDF}.Release|Any CPU.Build.0 = Release|Any CPU
		{3B03E4CE-E17F-AB6B-495B-475905DD0E6C}.Debug|Any CPU.ActiveCfg = Debug|Any CPU
		{3B03E4CE-E17F-AB6B-495B-475905DD0E6C}.Debug|Any CPU.Build.0 = Debug|Any CPU
		{3B03E4CE-E17F-AB6B-495B-475905DD0E6C}.Release|Any CPU.ActiveCfg = Release|Any CPU
		{3B03E4CE-E17F-AB6B-495B-475905DD0E6C}.Release|Any CPU.Build.0 = Release|Any CPU
	EndGlobalSection
	GlobalSection(SolutionProperties) = preSolution
		HideSolutionNode = FALSE
	EndGlobalSection
EndGlobal
