
Microsoft Visual Studio Solution File, Format Version 12.00
# Visual Studio 2017
Project("{FAE04EC0-301F-11D3-BF4B-00C04F79EFBC}") = "Yogscart C#", "Yogscart C#.csproj", "{DA69EBF5-9106-13D3-1C81-2271AC8AE712}"
EndProject
Project("{FAE04EC0-301F-11D3-BF4B-00C04F79EFBC}") = "Yogscart C#.Editor", "Yogscart C#.Editor.csproj", "{875DDC17-E5FE-6343-DEC4-BC58B0574B5C}"
EndProject
Global
	GlobalSection(SolutionConfigurationPlatforms) = preSolution
		Debug|Any CPU = Debug|Any CPU
		Release|Any CPU = Release|Any CPU
	EndGlobalSection
	GlobalSection(ProjectConfigurationPlatforms) = postSolution
		{DA69EBF5-9106-13D3-1C81-2271AC8AE712}.Debug|Any CPU.ActiveCfg = Debug|Any CPU
		{DA69EBF5-9106-13D3-1C81-2271AC8AE712}.Debug|Any CPU.Build.0 = Debug|Any CPU
		{DA69EBF5-9106-13D3-1C81-2271AC8AE712}.Release|Any CPU.ActiveCfg = Release|Any CPU
		{DA69EBF5-9106-13D3-1C81-2271AC8AE712}.Release|Any CPU.Build.0 = Release|Any CPU
		{875DDC17-E5FE-6343-DEC4-BC58B0574B5C}.Debug|Any CPU.ActiveCfg = Debug|Any CPU
		{875DDC17-E5FE-6343-DEC4-BC58B0574B5C}.Debug|Any CPU.Build.0 = Debug|Any CPU
		{875DDC17-E5FE-6343-DEC4-BC58B0574B5C}.Release|Any CPU.ActiveCfg = Release|Any CPU
		{875DDC17-E5FE-6343-DEC4-BC58B0574B5C}.Release|Any CPU.Build.0 = Release|Any CPU
	EndGlobalSection
	GlobalSection(SolutionProperties) = preSolution
		HideSolutionNode = FALSE
	EndGlobalSection
EndGlobal
