Microsoft Visual Studio Solution File, Format Version 11.00
# Visual Studio 2008

Project("{F1E0C2AF-2CF0-E81E-E193-AA18B31668DA}") = "Yogscart C#", "Assembly-CSharp.csproj", "{FD1BDD9B-0B15-6D0F-3292-A145A39CF0B5}"
EndProject
Project("{F1E0C2AF-2CF0-E81E-E193-AA18B31668DA}") = "Yogscart C#", "Assembly-CSharp-Editor.csproj", "{D0A59F95-EFCF-DA98-9E37-169E24865089}"
EndProject
Global
	GlobalSection(SolutionConfigurationPlatforms) = preSolution
		Debug|Any CPU = Debug|Any CPU
		Release|Any CPU = Release|Any CPU
	EndGlobalSection
	GlobalSection(ProjectConfigurationPlatforms) = postSolution
		{FD1BDD9B-0B15-6D0F-3292-A145A39CF0B5}.Debug|Any CPU.ActiveCfg = Debug|Any CPU
		{FD1BDD9B-0B15-6D0F-3292-A145A39CF0B5}.Debug|Any CPU.Build.0 = Debug|Any CPU
		{FD1BDD9B-0B15-6D0F-3292-A145A39CF0B5}.Release|Any CPU.ActiveCfg = Release|Any CPU
		{FD1BDD9B-0B15-6D0F-3292-A145A39CF0B5}.Release|Any CPU.Build.0 = Release|Any CPU
		{D0A59F95-EFCF-DA98-9E37-169E24865089}.Debug|Any CPU.ActiveCfg = Debug|Any CPU
		{D0A59F95-EFCF-DA98-9E37-169E24865089}.Debug|Any CPU.Build.0 = Debug|Any CPU
		{D0A59F95-EFCF-DA98-9E37-169E24865089}.Release|Any CPU.ActiveCfg = Release|Any CPU
		{D0A59F95-EFCF-DA98-9E37-169E24865089}.Release|Any CPU.Build.0 = Release|Any CPU
	EndGlobalSection
	GlobalSection(SolutionProperties) = preSolution
		HideSolutionNode = FALSE
	EndGlobalSection
	GlobalSection(MonoDevelopProperties) = preSolution
		StartupItem = Assembly-CSharp.csproj
	EndGlobalSection
EndGlobal
